{
  "requires": true,
  "lockfileVersion": 1,
  "dependencies": {
    "@babel/runtime": {
      "version": "7.14.6",
      "resolved": "https://registry.npmjs.org/@babel/runtime/-/runtime-7.14.6.tgz",
      "integrity": "sha512-/PCB2uJ7oM44tz8YhC4Z/6PeOKXp4K588f+5M3clr1M4zbqztlo0XEfJ2LEzj/FgwfgGcIdl8n7YYjTCI0BYwg==",
      "requires": {
        "regenerator-runtime": "^0.13.4"
      }
    },
    "@fusioncharts/accessibility": {
      "version": "1.4.0",
      "resolved": "https://registry.npmjs.org/@fusioncharts/accessibility/-/accessibility-1.4.0.tgz",
      "integrity": "sha512-6Pvjqc6Y9ahEwQGlDAnLS/iFwEVfgqiwyVI/m9fOlDhOvXOPdW03z9xfbZeL29CqPgNE4QpjL3AyuWUWoKxPIw=="
    },
    "@fusioncharts/charts": {
      "version": "3.17.0",
      "resolved": "https://registry.npmjs.org/@fusioncharts/charts/-/charts-3.17.0.tgz",
      "integrity": "sha512-19qzUu9pCyqIZgImhwKHACxl9xrEdJGGs7Y7rdcCMPL/sr1jy8rExjG0VYSyYyIwuxz8Lbza3Y3Na0ZgYrPphQ==",
      "requires": {
        "@babel/runtime": "^7.9.2",
        "@fusioncharts/core": "^1.4.0",
        "@fusioncharts/features": "^1.4.0",
        "@fusioncharts/utils": "^1.4.0"
      }
    },
    "@fusioncharts/constructor": {
      "version": "1.4.0",
      "resolved": "https://registry.npmjs.org/@fusioncharts/constructor/-/constructor-1.4.0.tgz",
      "integrity": "sha512-mX+ehcnI7ecixrPoJfinbAyOJDY3m11joeLiZzquLTu3Hx2U8W0UMt3KUY5OOZVU9bPRbs0pOSAquoCMV3RK1Q==",
      "requires": {
        "@babel/runtime": "^7.9.2",
        "@fusioncharts/core": "^1.4.0",
        "@fusioncharts/maps": "^3.17.0"
      }
    },
    "@fusioncharts/core": {
      "version": "1.4.0",
      "resolved": "https://registry.npmjs.org/@fusioncharts/core/-/core-1.4.0.tgz",
      "integrity": "sha512-F0/irFmWz0WNa/FN77wBr6JRqc6BE83KG0yKdZO5Guw/4gsVWnkOK4KmVVeNnB6NOv1MIqfspXmm3PcxWQBWpA==",
      "requires": {
        "@babel/runtime": "^7.9.2",
        "@fusioncharts/utils": "^1.4.0",
        "core-js": "^3.0.1",
        "ramda": "^0.25.0"
      }
    },
    "@fusioncharts/datatable": {
      "version": "1.4.0",
      "resolved": "https://registry.npmjs.org/@fusioncharts/datatable/-/datatable-1.4.0.tgz",
      "integrity": "sha512-Amkf75UG0NNMAF0syCQtKSBpT1qShp4YAPFj/IwJVZs2i9/oWvuKjdyjtxe/OoLq32oOq9N9pAiTzSsFduMHDQ==",
      "requires": {
        "@babel/runtime": "^7.9.2",
        "@fusioncharts/utils": "^1.4.0"
      }
    },
    "@fusioncharts/features": {
      "version": "1.4.0",
      "resolved": "https://registry.npmjs.org/@fusioncharts/features/-/features-1.4.0.tgz",
      "integrity": "sha512-5hF5ZQu+/JQ6l13prg1S6UzZIs3xIbcp5K/zruMvtb9IqtW0QAfC5xIeVRbe743oNiLGkk8jaAQpGDci4qNATg==",
      "requires": {
        "@babel/runtime": "^7.9.2",
        "@fusioncharts/core": "^1.4.0",
        "@fusioncharts/utils": "^1.4.0"
      }
    },
    "@fusioncharts/fusiontime": {
      "version": "2.5.0",
      "resolved": "https://registry.npmjs.org/@fusioncharts/fusiontime/-/fusiontime-2.5.0.tgz",
      "integrity": "sha512-gsS0vpP5RC9mnwoSOk8O2pLOJ5wnwO/ADYgfCs2p4eK6AeWkvJE/CeIhhSXYSlTeDnIisSAaWjl0Fn20cK3zfw==",
      "requires": {
        "@babel/runtime": "^7.9.2",
        "@fusioncharts/charts": "^3.17.0",
        "@fusioncharts/core": "^1.4.0",
        "@fusioncharts/datatable": "^1.4.0",
        "@fusioncharts/utils": "^1.4.0",
        "ramda": "^0.25.0"
      }
    },
    "@fusioncharts/maps": {
      "version": "3.17.0",
      "resolved": "https://registry.npmjs.org/@fusioncharts/maps/-/maps-3.17.0.tgz",
      "integrity": "sha512-j/DYLAqp6hcYS7e40YcBQlALG3Jxl2f7PBc+qOiotoPGzfpfdJccuHMA+153TZhfDm3643NqqOgYBJepjBC3cA==",
      "requires": {
        "@babel/runtime": "^7.9.2",
        "@fusioncharts/charts": "^3.17.0",
        "@fusioncharts/core": "^1.4.0",
        "@fusioncharts/features": "^1.4.0"
      }
    },
    "@fusioncharts/powercharts": {
      "version": "3.17.0",
      "resolved": "https://registry.npmjs.org/@fusioncharts/powercharts/-/powercharts-3.17.0.tgz",
      "integrity": "sha512-bHw3p6b/yw2joJgcHMhGisM67aAFhosANFkQt7r+N8zK1bQGy+7nqo8dB5y60SAq9xEluNjHtXDbeyXhXHLH7g==",
      "requires": {
        "@babel/runtime": "^7.9.2",
        "@fusioncharts/charts": "^3.17.0",
        "@fusioncharts/core": "^1.4.0",
        "@fusioncharts/utils": "^1.4.0"
      }
    },
    "@fusioncharts/utils": {
      "version": "1.4.0",
      "resolved": "https://registry.npmjs.org/@fusioncharts/utils/-/utils-1.4.0.tgz",
      "integrity": "sha512-oMJfQu4nZfucyouZngRu7iPdx1j9noqSSiP1REPcpQSC/uX84eJfYY4wbNNr9q1BMm8u5r53JTGVq51w3NJnIQ==",
      "requires": {
        "@babel/runtime": "^7.9.2",
        "ramda": "^0.25.0"
      }
    },
    "@fusioncharts/widgets": {
      "version": "3.17.0",
      "resolved": "https://registry.npmjs.org/@fusioncharts/widgets/-/widgets-3.17.0.tgz",
      "integrity": "sha512-bOu/i3npNeWNqMHQRyMw8Zp+4q2YK1opOeuG9dy44tXgAySLdjewx9P9Yzo3UKtAGQlRwjaVrXMff1BDuisPzw==",
      "requires": {
        "@babel/runtime": "^7.9.2",
        "@fusioncharts/charts": "^3.17.0",
        "@fusioncharts/constructor": "^1.4.0",
        "@fusioncharts/core": "^1.4.0",
        "@fusioncharts/features": "^1.4.0",
        "@fusioncharts/utils": "^1.4.0"
      }
    },
    "bootstrap": {
      "version": "5.0.1",
      "resolved": "https://registry.npmjs.org/bootstrap/-/bootstrap-5.0.1.tgz",
      "integrity": "sha512-Fl79+wsLOZKoiU345KeEaWD0ik8WKRI5zm0YSPj2oF1Qr+BO7z0fco6GbUtqjoG1h4VI89PeKJnMsMMVQdKKTw=="
    },
    "core-js": {
      "version": "3.14.0",
      "resolved": "https://registry.npmjs.org/core-js/-/core-js-3.14.0.tgz",
      "integrity": "sha512-3s+ed8er9ahK+zJpp9ZtuVcDoFzHNiZsPbNAAE4KXgrRHbjSqqNN6xGSXq6bq7TZIbKj4NLrLb6bJ5i+vSVjHA=="
    },
    "mutationobserver-shim": {
      "version": "0.3.7",
      "resolved": "https://registry.npmjs.org/mutationobserver-shim/-/mutationobserver-shim-0.3.7.tgz",
      "integrity": "sha512-oRIDTyZQU96nAiz2AQyngwx1e89iApl2hN5AOYwyxLUB47UYsU3Wv9lJWqH5y/QdiYkc5HQLi23ZNB3fELdHcQ=="
    },
    "promise-polyfill": {
      "version": "8.2.0",
      "resolved": "https://registry.npmjs.org/promise-polyfill/-/promise-polyfill-8.2.0.tgz",
      "integrity": "sha512-k/TC0mIcPVF6yHhUvwAp7cvL6I2fFV7TzF1DuGPI8mBh4QQazf36xCKEHKTZKRysEoTQoQdKyP25J8MPJp7j5g=="
    },
    "ramda": {
      "version": "0.25.0",
      "resolved": "https://registry.npmjs.org/ramda/-/ramda-0.25.0.tgz",
      "integrity": "sha512-GXpfrYVPwx3K7RQ6aYT8KPS8XViSXUVJT1ONhoKPE9VAleW42YE+U+8VEyGWt41EnEQW7gwecYJriTI0pKoecQ=="
    },
    "regenerator-runtime": {
      "version": "0.13.7",
      "resolved": "https://registry.npmjs.org/regenerator-runtime/-/regenerator-runtime-0.13.7.tgz",
      "integrity": "sha512-a54FxoJDIr27pgf7IgeQGxmqUNYrcV338lf/6gH456HZ/PhX+5BcwHXG9ajESmwe6WRO0tAzRUrRmNONWgkrew=="
    }
  }
}
